
Microsoft Visual Studio Solution File, Format Version 12.00
# Visual Studio Version 16
VisualStudioVersion = 16.0.34729.46
MinimumVisualStudioVersion = 10.0.40219.1
Project("{FAE04EC0-301F-11D3-BF4B-00C04F79EFBC}") = "ZabbixViewer", "ZabbixViewer\ZabbixViewer.csproj", "{030242E9-80A5-4394-80BF-7FD85FFE548B}"
EndProject
Global
	GlobalSection(SolutionConfigurationPlatforms) = preSolution
		Debug|Any CPU = Debug|Any CPU
		Release|Any CPU = Release|Any CPU
	EndGlobalSection
	GlobalSection(ProjectConfigurationPlatforms) = postSolution
		{030242E9-80A5-4394-80BF-7FD85FFE548B}.Debug|Any CPU.ActiveCfg = Debug|Any CPU
		{030242E9-80A5-4394-80BF-7FD85FFE548B}.Debug|Any CPU.Build.0 = Debug|Any CPU
		{030242E9-80A5-4394-80BF-7FD85FFE548B}.Release|Any CPU.ActiveCfg = Release|Any CPU
		{030242E9-80A5-4394-80BF-7FD85FFE548B}.Release|Any CPU.Build.0 = Release|Any CPU
	EndGlobalSection
	GlobalSection(SolutionProperties) = preSolution
		HideSolutionNode = FALSE
	EndGlobalSection
	GlobalSection(ExtensibilityGlobals) = postSolution
		SolutionGuid = {F9C4D088-3E6B-44C7-9ACE-BDCDED6DC655}
	EndGlobalSection
EndGlobal
